
Microsoft Visual Studio Solution File, Format Version 12.00
# Visual Studio Version 16
VisualStudioVersion = 16.0.31112.23
MinimumVisualStudioVersion = 10.0.40219.1
Project("{9A19103F-16F7-4668-BE54-9A1E7A4F7556}") = "BlazorWebAssembly.Server", "BlazorWebAssembly\Server\BlazorWebAssembly.Server.csproj", "{01BF83DA-A9C6-4D90-9D33-E42E8B2DB4A9}"
EndProject
Project("{9A19103F-16F7-4668-BE54-9A1E7A4F7556}") = "BlazorWebAssembly.Client", "BlazorWebAssembly\Client\BlazorWebAssembly.Client.csproj", "{D7707ECA-8EB6-4FB2-8A70-6CB6CAA84262}"
EndProject
Project("{9A19103F-16F7-4668-BE54-9A1E7A4F7556}") = "BlazorWebAssembly.Shared", "BlazorWebAssembly\Shared\BlazorWebAssembly.Shared.csproj", "{589F2EEF-266E-4640-96B1-7ACE512C5F63}"
EndProject
Global
	GlobalSection(SolutionConfigurationPlatforms) = preSolution
		Debug|Any CPU = Debug|Any CPU
		Release|Any CPU = Release|Any CPU
	EndGlobalSection
	GlobalSection(ProjectConfigurationPlatforms) = postSolution
		{01BF83DA-A9C6-4D90-9D33-E42E8B2DB4A9}.Debug|Any CPU.ActiveCfg = Debug|Any CPU
		{01BF83DA-A9C6-4D90-9D33-E42E8B2DB4A9}.Debug|Any CPU.Build.0 = Debug|Any CPU
		{01BF83DA-A9C6-4D90-9D33-E42E8B2DB4A9}.Release|Any CPU.ActiveCfg = Release|Any CPU
		{01BF83DA-A9C6-4D90-9D33-E42E8B2DB4A9}.Release|Any CPU.Build.0 = Release|Any CPU
		{D7707ECA-8EB6-4FB2-8A70-6CB6CAA84262}.Debug|Any CPU.ActiveCfg = Debug|Any CPU
		{D7707ECA-8EB6-4FB2-8A70-6CB6CAA84262}.Debug|Any CPU.Build.0 = Debug|Any CPU
		{D7707ECA-8EB6-4FB2-8A70-6CB6CAA84262}.Release|Any CPU.ActiveCfg = Release|Any CPU
		{D7707ECA-8EB6-4FB2-8A70-6CB6CAA84262}.Release|Any CPU.Build.0 = Release|Any CPU
		{589F2EEF-266E-4640-96B1-7ACE512C5F63}.Debug|Any CPU.ActiveCfg = Debug|Any CPU
		{589F2EEF-266E-4640-96B1-7ACE512C5F63}.Debug|Any CPU.Build.0 = Debug|Any CPU
		{589F2EEF-266E-4640-96B1-7ACE512C5F63}.Release|Any CPU.ActiveCfg = Release|Any CPU
		{589F2EEF-266E-4640-96B1-7ACE512C5F63}.Release|Any CPU.Build.0 = Release|Any CPU
	EndGlobalSection
	GlobalSection(SolutionProperties) = preSolution
		HideSolutionNode = FALSE
	EndGlobalSection
	GlobalSection(ExtensibilityGlobals) = postSolution
		SolutionGuid = {99A0B557-E9C2-4E3C-BB9B-C2E40F769D13}
	EndGlobalSection
EndGlobal
